{
  "name": "pi-gen",
  "lockfileVersion": 2,
  "requires": true,
  "packages": {
    "": {
      "dependencies": {
        "ya-dns-sd": "^2.0.0"
      }
    },
    "node_modules/@deno/shim-timers": {
      "version": "0.1.0",
      "resolved": "https://registry.npmjs.org/@deno/shim-timers/-/shim-timers-0.1.0.tgz",
      "integrity": "sha512-XFRnB5Rtbkd5RiYHwhugNK9gvDgYXmFTUOT5dmhWCKG7WnOWZggbJMnH1NcyYS3QgHvmaTOaHCyNFNSv57j3Dg=="
    },
    "node_modules/ya-dns-sd": {
      "version": "2.0.0",
      "resolved": "https://registry.npmjs.org/ya-dns-sd/-/ya-dns-sd-2.0.0.tgz",
      "integrity": "sha512-pZViCED/mhkP9rmERH9gFQvLMny+L0vx4rLANrBhXaR0xTbqoAlPXSM6DdPTZ89QzXUW1Y8XDtXQe5MAF1nAlw==",
      "dependencies": {
        "@deno/shim-timers": "~0.1.0"
      },
      "funding": {
        "type": "opencollective",
        "url": "https://opencollective.com/earthstar"
      }
    }
  },
  "dependencies": {
    "@deno/shim-timers": {
      "version": "0.1.0",
      "resolved": "https://registry.npmjs.org/@deno/shim-timers/-/shim-timers-0.1.0.tgz",
      "integrity": "sha512-XFRnB5Rtbkd5RiYHwhugNK9gvDgYXmFTUOT5dmhWCKG7WnOWZggbJMnH1NcyYS3QgHvmaTOaHCyNFNSv57j3Dg=="
    },
    "ya-dns-sd": {
      "version": "2.0.0",
      "resolved": "https://registry.npmjs.org/ya-dns-sd/-/ya-dns-sd-2.0.0.tgz",
      "integrity": "sha512-pZViCED/mhkP9rmERH9gFQvLMny+L0vx4rLANrBhXaR0xTbqoAlPXSM6DdPTZ89QzXUW1Y8XDtXQe5MAF1nAlw==",
      "requires": {
        "@deno/shim-timers": "~0.1.0"
      }
    }
  }
}
